
Microsoft Visual Studio Solution File, Format Version 12.00
# Visual Studio Version 17
VisualStudioVersion = 17.5.33414.496
MinimumVisualStudioVersion = 10.0.40219.1
Project("{9A19103F-16F7-4668-BE54-9A1E7A4F7556}") = "API", "API\API.csproj", "{8F0DE55A-3AA7-4ABF-B316-14810F800BC6}"
EndProject
Project("{9A19103F-16F7-4668-BE54-9A1E7A4F7556}") = "Services", "Services\Services.csproj", "{E28FE44F-29DE-4775-B405-CF3A69DF7D9A}"
EndProject
Project("{9A19103F-16F7-4668-BE54-9A1E7A4F7556}") = "DataAccess", "DataAccess\DataAccess.csproj", "{67DB186C-B7A5-4EBB-90F6-6205069C03AC}"
EndProject
Project("{9A19103F-16F7-4668-BE54-9A1E7A4F7556}") = "Utils", "Utils\Utils.csproj", "{65FC8404-F833-4B0B-8E07-6E648B118A48}"
EndProject
Global
	GlobalSection(SolutionConfigurationPlatforms) = preSolution
		Debug|Any CPU = Debug|Any CPU
		Release|Any CPU = Release|Any CPU
	EndGlobalSection
	GlobalSection(ProjectConfigurationPlatforms) = postSolution
		{8F0DE55A-3AA7-4ABF-B316-14810F800BC6}.Debug|Any CPU.ActiveCfg = Debug|Any CPU
		{8F0DE55A-3AA7-4ABF-B316-14810F800BC6}.Debug|Any CPU.Build.0 = Debug|Any CPU
		{8F0DE55A-3AA7-4ABF-B316-14810F800BC6}.Release|Any CPU.ActiveCfg = Release|Any CPU
		{8F0DE55A-3AA7-4ABF-B316-14810F800BC6}.Release|Any CPU.Build.0 = Release|Any CPU
		{E28FE44F-29DE-4775-B405-CF3A69DF7D9A}.Debug|Any CPU.ActiveCfg = Debug|Any CPU
		{E28FE44F-29DE-4775-B405-CF3A69DF7D9A}.Debug|Any CPU.Build.0 = Debug|Any CPU
		{E28FE44F-29DE-4775-B405-CF3A69DF7D9A}.Release|Any CPU.ActiveCfg = Release|Any CPU
		{E28FE44F-29DE-4775-B405-CF3A69DF7D9A}.Release|Any CPU.Build.0 = Release|Any CPU
		{67DB186C-B7A5-4EBB-90F6-6205069C03AC}.Debug|Any CPU.ActiveCfg = Debug|Any CPU
		{67DB186C-B7A5-4EBB-90F6-6205069C03AC}.Debug|Any CPU.Build.0 = Debug|Any CPU
		{67DB186C-B7A5-4EBB-90F6-6205069C03AC}.Release|Any CPU.ActiveCfg = Release|Any CPU
		{67DB186C-B7A5-4EBB-90F6-6205069C03AC}.Release|Any CPU.Build.0 = Release|Any CPU
		{65FC8404-F833-4B0B-8E07-6E648B118A48}.Debug|Any CPU.ActiveCfg = Debug|Any CPU
		{65FC8404-F833-4B0B-8E07-6E648B118A48}.Debug|Any CPU.Build.0 = Debug|Any CPU
		{65FC8404-F833-4B0B-8E07-6E648B118A48}.Release|Any CPU.ActiveCfg = Release|Any CPU
		{65FC8404-F833-4B0B-8E07-6E648B118A48}.Release|Any CPU.Build.0 = Release|Any CPU
	EndGlobalSection
	GlobalSection(SolutionProperties) = preSolution
		HideSolutionNode = FALSE
	EndGlobalSection
	GlobalSection(ExtensibilityGlobals) = postSolution
		SolutionGuid = {45F7154A-2128-4A02-A1D4-1CC495A3C407}
	EndGlobalSection
EndGlobal
